
Microsoft Visual Studio Solution File, Format Version 12.00
# Visual Studio Version 16
VisualStudioVersion = 16.0.31019.35
MinimumVisualStudioVersion = 10.0.40219.1
Project("{9A19103F-16F7-4668-BE54-9A1E7A4F7556}") = "Asp.NetCore.Web", "Asp.NetCore.Web\Asp.NetCore.Web.csproj", "{06494CC3-C149-4A13-9CEF-E4526CE0C217}"
EndProject
Project("{FAE04EC0-301F-11D3-BF4B-00C04F79EFBC}") = "Asp.NetCore.Business.Interface", "Asp.NetCore.Business.Interface\Asp.NetCore.Business.Interface.csproj", "{A8576891-3558-493E-9751-8BD43989B62E}"
EndProject
Project("{FAE04EC0-301F-11D3-BF4B-00C04F79EFBC}") = "Asp.NetCore.Business.Service", "Asp.NetCore.Business.Service\Asp.NetCore.Business.Service.csproj", "{7DFFED13-1F56-4CDC-8630-60E904F05159}"
EndProject
Project("{FAE04EC0-301F-11D3-BF4B-00C04F79EFBC}") = "Asp.NetCore.EFCore.Models", "Asp.NetCore.EFCore.Models\Asp.NetCore.EFCore.Models.csproj", "{5AFBBFDF-B32D-49FE-B5FE-57E1B02A7AEA}"
EndProject
Project("{FAE04EC0-301F-11D3-BF4B-00C04F79EFBC}") = "Asp.NetCore.EFCore.Util", "Asp.NetCore.EFCore.Util\Asp.NetCore.EFCore.Util.csproj", "{294B2A5B-0F67-4646-8863-E3F93FD41523}"
EndProject
Project("{FAE04EC0-301F-11D3-BF4B-00C04F79EFBC}") = "Asp.NetCore.Test", "Asp.NetCore.Test\Asp.NetCore.Test.csproj", "{13BECD66-AA6D-4042-BD63-3981D0B8AD9D}"
EndProject
Global
	GlobalSection(SolutionConfigurationPlatforms) = preSolution
		Debug|Any CPU = Debug|Any CPU
		Release|Any CPU = Release|Any CPU
	EndGlobalSection
	GlobalSection(ProjectConfigurationPlatforms) = postSolution
		{06494CC3-C149-4A13-9CEF-E4526CE0C217}.Debug|Any CPU.ActiveCfg = Debug|Any CPU
		{06494CC3-C149-4A13-9CEF-E4526CE0C217}.Debug|Any CPU.Build.0 = Debug|Any CPU
		{06494CC3-C149-4A13-9CEF-E4526CE0C217}.Release|Any CPU.ActiveCfg = Release|Any CPU
		{06494CC3-C149-4A13-9CEF-E4526CE0C217}.Release|Any CPU.Build.0 = Release|Any CPU
		{A8576891-3558-493E-9751-8BD43989B62E}.Debug|Any CPU.ActiveCfg = Debug|Any CPU
		{A8576891-3558-493E-9751-8BD43989B62E}.Debug|Any CPU.Build.0 = Debug|Any CPU
		{A8576891-3558-493E-9751-8BD43989B62E}.Release|Any CPU.ActiveCfg = Release|Any CPU
		{A8576891-3558-493E-9751-8BD43989B62E}.Release|Any CPU.Build.0 = Release|Any CPU
		{7DFFED13-1F56-4CDC-8630-60E904F05159}.Debug|Any CPU.ActiveCfg = Debug|Any CPU
		{7DFFED13-1F56-4CDC-8630-60E904F05159}.Debug|Any CPU.Build.0 = Debug|Any CPU
		{7DFFED13-1F56-4CDC-8630-60E904F05159}.Release|Any CPU.ActiveCfg = Release|Any CPU
		{7DFFED13-1F56-4CDC-8630-60E904F05159}.Release|Any CPU.Build.0 = Release|Any CPU
		{5AFBBFDF-B32D-49FE-B5FE-57E1B02A7AEA}.Debug|Any CPU.ActiveCfg = Debug|Any CPU
		{5AFBBFDF-B32D-49FE-B5FE-57E1B02A7AEA}.Debug|Any CPU.Build.0 = Debug|Any CPU
		{5AFBBFDF-B32D-49FE-B5FE-57E1B02A7AEA}.Release|Any CPU.ActiveCfg = Release|Any CPU
		{5AFBBFDF-B32D-49FE-B5FE-57E1B02A7AEA}.Release|Any CPU.Build.0 = Release|Any CPU
		{294B2A5B-0F67-4646-8863-E3F93FD41523}.Debug|Any CPU.ActiveCfg = Debug|Any CPU
		{294B2A5B-0F67-4646-8863-E3F93FD41523}.Debug|Any CPU.Build.0 = Debug|Any CPU
		{294B2A5B-0F67-4646-8863-E3F93FD41523}.Release|Any CPU.ActiveCfg = Release|Any CPU
		{294B2A5B-0F67-4646-8863-E3F93FD41523}.Release|Any CPU.Build.0 = Release|Any CPU
		{13BECD66-AA6D-4042-BD63-3981D0B8AD9D}.Debug|Any CPU.ActiveCfg = Debug|Any CPU
		{13BECD66-AA6D-4042-BD63-3981D0B8AD9D}.Debug|Any CPU.Build.0 = Debug|Any CPU
		{13BECD66-AA6D-4042-BD63-3981D0B8AD9D}.Release|Any CPU.ActiveCfg = Release|Any CPU
		{13BECD66-AA6D-4042-BD63-3981D0B8AD9D}.Release|Any CPU.Build.0 = Release|Any CPU
	EndGlobalSection
	GlobalSection(SolutionProperties) = preSolution
		HideSolutionNode = FALSE
	EndGlobalSection
	GlobalSection(ExtensibilityGlobals) = postSolution
		SolutionGuid = {71C7F227-945A-43EB-83D6-2ECBB9270FDF}
	EndGlobalSection
EndGlobal
